
Microsoft Visual Studio Solution File, Format Version 12.00
# Visual Studio 15
VisualStudioVersion = 15.0.28307.421
MinimumVisualStudioVersion = 10.0.40219.1
Project("{FAE04EC0-301F-11D3-BF4B-00C04F79EFBC}") = "Eco_Mayor", "Eco_Mayor\Eco_Mayor.csproj", "{C9518AD3-B7C3-4526-BB37-AD0CA513BE3F}"
EndProject
Global
	GlobalSection(SolutionConfigurationPlatforms) = preSolution
		Debug|Any CPU = Debug|Any CPU
		Release|Any CPU = Release|Any CPU
	EndGlobalSection
	GlobalSection(ProjectConfigurationPlatforms) = postSolution
		{C9518AD3-B7C3-4526-BB37-AD0CA513BE3F}.Debug|Any CPU.ActiveCfg = Debug|Any CPU
		{C9518AD3-B7C3-4526-BB37-AD0CA513BE3F}.Debug|Any CPU.Build.0 = Debug|Any CPU
		{C9518AD3-B7C3-4526-BB37-AD0CA513BE3F}.Release|Any CPU.ActiveCfg = Release|Any CPU
		{C9518AD3-B7C3-4526-BB37-AD0CA513BE3F}.Release|Any CPU.Build.0 = Release|Any CPU
	EndGlobalSection
	GlobalSection(SolutionProperties) = preSolution
		HideSolutionNode = FALSE
	EndGlobalSection
	GlobalSection(ExtensibilityGlobals) = postSolution
		SolutionGuid = {D35C5E1B-BF73-4B18-B427-492F745ECAAA}
	EndGlobalSection
EndGlobal
